
Microsoft Visual Studio Solution File, Format Version 12.00
# Visual Studio Version 17
VisualStudioVersion = 17.10.35013.160
MinimumVisualStudioVersion = 10.0.40219.1
Project("{FAE04EC0-301F-11D3-BF4B-00C04F79EFBC}") = "SponsorWebAPI", "SponsorWebAPI.csproj", "{3B1D87EB-95C7-4D56-B22F-B1C1C3B89970}"
EndProject
Global
	GlobalSection(SolutionConfigurationPlatforms) = preSolution
		Debug|Any CPU = Debug|Any CPU
		Release|Any CPU = Release|Any CPU
	EndGlobalSection
	GlobalSection(ProjectConfigurationPlatforms) = postSolution
		{3B1D87EB-95C7-4D56-B22F-B1C1C3B89970}.Debug|Any CPU.ActiveCfg = Debug|Any CPU
		{3B1D87EB-95C7-4D56-B22F-B1C1C3B89970}.Debug|Any CPU.Build.0 = Debug|Any CPU
		{3B1D87EB-95C7-4D56-B22F-B1C1C3B89970}.Release|Any CPU.ActiveCfg = Release|Any CPU
		{3B1D87EB-95C7-4D56-B22F-B1C1C3B89970}.Release|Any CPU.Build.0 = Release|Any CPU
	EndGlobalSection
	GlobalSection(SolutionProperties) = preSolution
		HideSolutionNode = FALSE
	EndGlobalSection
	GlobalSection(ExtensibilityGlobals) = postSolution
		SolutionGuid = {2E043184-9307-4736-AC90-3A3746D9E5DD}
	EndGlobalSection
EndGlobal
